{
  "name": "go-media-control",
  "version": "1.0.0",
  "lockfileVersion": 3,
  "requires": true,
  "packages": {
    "": {
      "name": "go-media-control",
      "version": "1.0.0",
      "license": "ISC",
      "devDependencies": {
        "daisyui": "^5.0.6",
        "tailwindcss": "^4.0.14"
      }
    },
    "node_modules/daisyui": {
      "version": "5.0.6",
      "resolved": "https://registry.npmjs.org/daisyui/-/daisyui-5.0.6.tgz",
      "integrity": "sha512-/e/9Gw/2y9oawBJlWkJMSEhRXdmfOLvcPl+6q/x2rPEdIVOtebs1t3ex2vwySl9vCRs1GGNBKCiL+P60Ps/wUw==",
      "dev": true,
      "license": "MIT",
      "funding": {
        "url": "https://github.com/saadeghi/daisyui?sponsor=1"
      }
    },
    "node_modules/tailwindcss": {
      "version": "4.0.14",
      "resolved": "https://registry.npmjs.org/tailwindcss/-/tailwindcss-4.0.14.tgz",
      "integrity": "sha512-92YT2dpt671tFiHH/e1ok9D987N9fHD5VWoly1CdPD/Cd1HMglvZwP3nx2yTj2lbXDAHt8QssZkxTLCCTNL+xw==",
      "dev": true,
      "license": "MIT"
    }
  }
}
